// !$*UTF8*$!
{
	archiveVersion = 1;
	classes = {
	};
	objectVersion = 46;
	objects = {

/* Begin PBXBuildFile section */
		292CE3EA1F70E3BF00C67A3F /* GCDUIUpdateOnMain.swift in Sources */ = {isa = PBXBuildFile; fileRef = 292CE3E91F70E3BF00C67A3F /* GCDUIUpdateOnMain.swift */; };
		292CE3EC1F70E99700C67A3F /* UdacityClient.swift in Sources */ = {isa = PBXBuildFile; fileRef = 292CE3EB1F70E99700C67A3F /* UdacityClient.swift */; };
		292CE3EE1F70EA1300C67A3F /* UdacityConstants.swift in Sources */ = {isa = PBXBuildFile; fileRef = 292CE3ED1F70EA1300C67A3F /* UdacityConstants.swift */; };
		299E39D71F7E211E0066DDD1 /* LoginButton.swift in Sources */ = {isa = PBXBuildFile; fileRef = 299E39D61F7E211E0066DDD1 /* LoginButton.swift */; };
		299E39DB1F8316360066DDD1 /* StudentInfoListViewController.swift in Sources */ = {isa = PBXBuildFile; fileRef = 299E39DA1F8316360066DDD1 /* StudentInfoListViewController.swift */; };
		299E39DD1F833F450066DDD1 /* UdacityConvenientMethod.swift in Sources */ = {isa = PBXBuildFile; fileRef = 299E39DC1F833F450066DDD1 /* UdacityConvenientMethod.swift */; };
		299E39E01F8340970066DDD1 /* StudentInformation.swift in Sources */ = {isa = PBXBuildFile; fileRef = 299E39DF1F8340970066DDD1 /* StudentInformation.swift */; };
		299E39E21F834BFC0066DDD1 /* ParseConstants.swift in Sources */ = {isa = PBXBuildFile; fileRef = 299E39E11F834BFC0066DDD1 /* ParseConstants.swift */; };
		299E39E41F8353EB0066DDD1 /* ParseClient.swift in Sources */ = {isa = PBXBuildFile; fileRef = 299E39E31F8353EB0066DDD1 /* ParseClient.swift */; };
		299E39E61F8444D70066DDD1 /* ParseConvenientMethod.swift in Sources */ = {isa = PBXBuildFile; fileRef = 299E39E51F8444D70066DDD1 /* ParseConvenientMethod.swift */; };
		299E39E81F8CB1FA0066DDD1 /* StudentInfoMapViewController.swift in Sources */ = {isa = PBXBuildFile; fileRef = 299E39E71F8CB1FA0066DDD1 /* StudentInfoMapViewController.swift */; };
		29CE6C151F6B3A7C0016521C /* AppDelegate.swift in Sources */ = {isa = PBXBuildFile; fileRef = 29CE6C141F6B3A7C0016521C /* AppDelegate.swift */; };
		29CE6C171F6B3A7C0016521C /* LoginViewController.swift in Sources */ = {isa = PBXBuildFile; fileRef = 29CE6C161F6B3A7C0016521C /* LoginViewController.swift */; };
		29CE6C1A1F6B3A7C0016521C /* Main.storyboard in Resources */ = {isa = PBXBuildFile; fileRef = 29CE6C181F6B3A7C0016521C /* Main.storyboard */; };
		29CE6C1C1F6B3A7C0016521C /* Assets.xcassets in Resources */ = {isa = PBXBuildFile; fileRef = 29CE6C1B1F6B3A7C0016521C /* Assets.xcassets */; };
		29CE6C1F1F6B3A7C0016521C /* LaunchScreen.storyboard in Resources */ = {isa = PBXBuildFile; fileRef = 29CE6C1D1F6B3A7C0016521C /* LaunchScreen.storyboard */; };
/* End PBXBuildFile section */

/* Begin PBXFileReference section */
		292CE3E91F70E3BF00C67A3F /* GCDUIUpdateOnMain.swift */ = {isa = PBXFileReference; fileEncoding = 4; lastKnownFileType = sourcecode.swift; path = GCDUIUpdateOnMain.swift; sourceTree = "<group>"; };
		292CE3EB1F70E99700C67A3F /* UdacityClient.swift */ = {isa = PBXFileReference; fileEncoding = 4; lastKnownFileType = sourcecode.swift; path = UdacityClient.swift; sourceTree = "<group>"; };
		292CE3ED1F70EA1300C67A3F /* UdacityConstants.swift */ = {isa = PBXFileReference; fileEncoding = 4; lastKnownFileType = sourcecode.swift; path = UdacityConstants.swift; sourceTree = "<group>"; };
		299E39D61F7E211E0066DDD1 /* LoginButton.swift */ = {isa = PBXFileReference; lastKnownFileType = sourcecode.swift; path = LoginButton.swift; sourceTree = "<group>"; };
		299E39DA1F8316360066DDD1 /* StudentInfoListViewController.swift */ = {isa = PBXFileReference; lastKnownFileType = sourcecode.swift; path = StudentInfoListViewController.swift; sourceTree = "<group>"; };
		299E39DC1F833F450066DDD1 /* UdacityConvenientMethod.swift */ = {isa = PBXFileReference; lastKnownFileType = sourcecode.swift; path = UdacityConvenientMethod.swift; sourceTree = "<group>"; };
		299E39DF1F8340970066DDD1 /* StudentInformation.swift */ = {isa = PBXFileReference; lastKnownFileType = sourcecode.swift; path = StudentInformation.swift; sourceTree = "<group>"; };
		299E39E11F834BFC0066DDD1 /* ParseConstants.swift */ = {isa = PBXFileReference; lastKnownFileType = sourcecode.swift; path = ParseConstants.swift; sourceTree = "<group>"; };
		299E39E31F8353EB0066DDD1 /* ParseClient.swift */ = {isa = PBXFileReference; lastKnownFileType = sourcecode.swift; path = ParseClient.swift; sourceTree = "<group>"; };
		299E39E51F8444D70066DDD1 /* ParseConvenientMethod.swift */ = {isa = PBXFileReference; lastKnownFileType = sourcecode.swift; path = ParseConvenientMethod.swift; sourceTree = "<group>"; };
		299E39E71F8CB1FA0066DDD1 /* StudentInfoMapViewController.swift */ = {isa = PBXFileReference; lastKnownFileType = sourcecode.swift; path = StudentInfoMapViewController.swift; sourceTree = "<group>"; };
		29CE6C111F6B3A7C0016521C /* OnTheMap.app */ = {isa = PBXFileReference; explicitFileType = wrapper.application; includeInIndex = 0; path = OnTheMap.app; sourceTree = BUILT_PRODUCTS_DIR; };
		29CE6C141F6B3A7C0016521C /* AppDelegate.swift */ = {isa = PBXFileReference; lastKnownFileType = sourcecode.swift; path = AppDelegate.swift; sourceTree = "<group>"; };
		29CE6C161F6B3A7C0016521C /* LoginViewController.swift */ = {isa = PBXFileReference; lastKnownFileType = sourcecode.swift; path = LoginViewController.swift; sourceTree = "<group>"; };
		29CE6C191F6B3A7C0016521C /* Base */ = {isa = PBXFileReference; lastKnownFileType = file.storyboard; name = Base; path = Base.lproj/Main.storyboard; sourceTree = "<group>"; };
		29CE6C1B1F6B3A7C0016521C /* Assets.xcassets */ = {isa = PBXFileReference; lastKnownFileType = folder.assetcatalog; path = Assets.xcassets; sourceTree = "<group>"; };
		29CE6C1E1F6B3A7C0016521C /* Base */ = {isa = PBXFileReference; lastKnownFileType = file.storyboard; name = Base; path = Base.lproj/LaunchScreen.storyboard; sourceTree = "<group>"; };
		29CE6C201F6B3A7C0016521C /* Info.plist */ = {isa = PBXFileReference; lastKnownFileType = text.plist.xml; path = Info.plist; sourceTree = "<group>"; };
/* End PBXFileReference section */

/* Begin PBXFrameworksBuildPhase section */
		29CE6C0E1F6B3A7C0016521C /* Frameworks */ = {
			isa = PBXFrameworksBuildPhase;
			buildActionMask = 2147483647;
			files = (
			);
			runOnlyForDeploymentPostprocessing = 0;
		};
/* End PBXFrameworksBuildPhase section */

/* Begin PBXGroup section */
		292CE3E21F70700C00C67A3F /* Controller */ = {
			isa = PBXGroup;
			children = (
				29CE6C161F6B3A7C0016521C /* LoginViewController.swift */,
				299E39DA1F8316360066DDD1 /* StudentInfoListViewController.swift */,
				299E39E71F8CB1FA0066DDD1 /* StudentInfoMapViewController.swift */,
			);
			name = Controller;
			sourceTree = "<group>";
		};
		292CE3E31F70706200C67A3F /* Assets */ = {
			isa = PBXGroup;
			children = (
				29CE6C181F6B3A7C0016521C /* Main.storyboard */,
				29CE6C1B1F6B3A7C0016521C /* Assets.xcassets */,
				29CE6C1D1F6B3A7C0016521C /* LaunchScreen.storyboard */,
			);
			name = Assets;
			sourceTree = "<group>";
		};
		292CE3E41F7070A000C67A3F /* Supporting Files */ = {
			isa = PBXGroup;
			children = (
				29CE6C201F6B3A7C0016521C /* Info.plist */,
			);
			name = "Supporting Files";
			sourceTree = "<group>";
		};
		292CE3E51F7073E700C67A3F /* Model */ = {
			isa = PBXGroup;
			children = (
				292CE3E61F7073FA00C67A3F /* Clients */,
			);
			name = Model;
			sourceTree = "<group>";
		};
		292CE3E61F7073FA00C67A3F /* Clients */ = {
			isa = PBXGroup;
			children = (
				299E39DE1F83400E0066DDD1 /* Parse */,
				292CE3E71F70740B00C67A3F /* Udacity */,
			);
			name = Clients;
			sourceTree = "<group>";
		};
		292CE3E71F70740B00C67A3F /* Udacity */ = {
			isa = PBXGroup;
			children = (
				292CE3EB1F70E99700C67A3F /* UdacityClient.swift */,
				299E39DC1F833F450066DDD1 /* UdacityConvenientMethod.swift */,
				292CE3ED1F70EA1300C67A3F /* UdacityConstants.swift */,
			);
			name = Udacity;
			sourceTree = "<group>";
		};
		292CE3E81F7075F600C67A3F /* View */ = {
			isa = PBXGroup;
			children = (
				299E39D61F7E211E0066DDD1 /* LoginButton.swift */,
			);
			name = View;
			sourceTree = "<group>";
		};
		299E39DE1F83400E0066DDD1 /* Parse */ = {
			isa = PBXGroup;
			children = (
				299E39DF1F8340970066DDD1 /* StudentInformation.swift */,
				299E39E31F8353EB0066DDD1 /* ParseClient.swift */,
				299E39E51F8444D70066DDD1 /* ParseConvenientMethod.swift */,
				299E39E11F834BFC0066DDD1 /* ParseConstants.swift */,
			);
			path = Parse;
			sourceTree = "<group>";
		};
		29CE6C081F6B3A7C0016521C = {
			isa = PBXGroup;
			children = (
				29CE6C131F6B3A7C0016521C /* OnTheMap */,
				29CE6C121F6B3A7C0016521C /* Products */,
			);
			sourceTree = "<group>";
		};
		29CE6C121F6B3A7C0016521C /* Products */ = {
			isa = PBXGroup;
			children = (
				29CE6C111F6B3A7C0016521C /* OnTheMap.app */,
			);
			name = Products;
			sourceTree = "<group>";
		};
		29CE6C131F6B3A7C0016521C /* OnTheMap */ = {
			isa = PBXGroup;
			children = (
				29CE6C141F6B3A7C0016521C /* AppDelegate.swift */,
				292CE3E91F70E3BF00C67A3F /* GCDUIUpdateOnMain.swift */,
				292CE3E51F7073E700C67A3F /* Model */,
				292CE3E81F7075F600C67A3F /* View */,
				292CE3E21F70700C00C67A3F /* Controller */,
				292CE3E31F70706200C67A3F /* Assets */,
				292CE3E41F7070A000C67A3F /* Supporting Files */,
			);
			path = OnTheMap;
			sourceTree = "<group>";
		};
/* End PBXGroup section */

/* Begin PBXNativeTarget section */
		29CE6C101F6B3A7C0016521C /* OnTheMap */ = {
			isa = PBXNativeTarget;
			buildConfigurationList = 29CE6C231F6B3A7C0016521C /* Build configuration list for PBXNativeTarget "OnTheMap" */;
			buildPhases = (
				29CE6C0D1F6B3A7C0016521C /* Sources */,
				29CE6C0E1F6B3A7C0016521C /* Frameworks */,
				29CE6C0F1F6B3A7C0016521C /* Resources */,
			);
			buildRules = (
			);
			dependencies = (
			);
			name = OnTheMap;
			productName = OnTheMap;
			productReference = 29CE6C111F6B3A7C0016521C /* OnTheMap.app */;
			productType = "com.apple.product-type.application";
		};
/* End PBXNativeTarget section */

/* Begin PBXProject section */
		29CE6C091F6B3A7C0016521C /* Project object */ = {
			isa = PBXProject;
			attributes = {
				LastSwiftUpdateCheck = 0830;
				LastUpgradeCheck = 0900;
				ORGANIZATIONNAME = "Yu-Jen Chang";
				TargetAttributes = {
					29CE6C101F6B3A7C0016521C = {
						CreatedOnToolsVersion = 8.3.3;
						DevelopmentTeam = 4P6C7Q8A3P;
						LastSwiftMigration = 0900;
						ProvisioningStyle = Automatic;
					};
				};
			};
			buildConfigurationList = 29CE6C0C1F6B3A7C0016521C /* Build configuration list for PBXProject "OnTheMap" */;
			compatibilityVersion = "Xcode 3.2";
			developmentRegion = English;
			hasScannedForEncodings = 0;
			knownRegions = (
				en,
				Base,
			);
			mainGroup = 29CE6C081F6B3A7C0016521C;
			productRefGroup = 29CE6C121F6B3A7C0016521C /* Products */;
			projectDirPath = "";
			projectRoot = "";
			targets = (
				29CE6C101F6B3A7C0016521C /* OnTheMap */,
			);
		};
/* End PBXProject section */

/* Begin PBXResourcesBuildPhase section */
		29CE6C0F1F6B3A7C0016521C /* Resources */ = {
			isa = PBXResourcesBuildPhase;
			buildActionMask = 2147483647;
			files = (
				29CE6C1F1F6B3A7C0016521C /* LaunchScreen.storyboard in Resources */,
				29CE6C1C1F6B3A7C0016521C /* Assets.xcassets in Resources */,
				29CE6C1A1F6B3A7C0016521C /* Main.storyboard in Resources */,
			);
			runOnlyForDeploymentPostprocessing = 0;
		};
/* End PBXResourcesBuildPhase section */

/* Begin PBXSourcesBuildPhase section */
		29CE6C0D1F6B3A7C0016521C /* Sources */ = {
			isa = PBXSourcesBuildPhase;
			buildActionMask = 2147483647;
			files = (
				292CE3EC1F70E99700C67A3F /* UdacityClient.swift in Sources */,
				299E39D71F7E211E0066DDD1 /* LoginButton.swift in Sources */,
				299E39DD1F833F450066DDD1 /* UdacityConvenientMethod.swift in Sources */,
				299E39E21F834BFC0066DDD1 /* ParseConstants.swift in Sources */,
				292CE3EE1F70EA1300C67A3F /* UdacityConstants.swift in Sources */,
				299E39E81F8CB1FA0066DDD1 /* StudentInfoMapViewController.swift in Sources */,
				29CE6C171F6B3A7C0016521C /* LoginViewController.swift in Sources */,
				292CE3EA1F70E3BF00C67A3F /* GCDUIUpdateOnMain.swift in Sources */,
				299E39E61F8444D70066DDD1 /* ParseConvenientMethod.swift in Sources */,
				299E39E01F8340970066DDD1 /* StudentInformation.swift in Sources */,
				299E39DB1F8316360066DDD1 /* StudentInfoListViewController.swift in Sources */,
				29CE6C151F6B3A7C0016521C /* AppDelegate.swift in Sources */,
				299E39E41F8353EB0066DDD1 /* ParseClient.swift in Sources */,
			);
			runOnlyForDeploymentPostprocessing = 0;
		};
/* End PBXSourcesBuildPhase section */

/* Begin PBXVariantGroup section */
		29CE6C181F6B3A7C0016521C /* Main.storyboard */ = {
			isa = PBXVariantGroup;
			children = (
				29CE6C191F6B3A7C0016521C /* Base */,
			);
			name = Main.storyboard;
			sourceTree = "<group>";
		};
		29CE6C1D1F6B3A7C0016521C /* LaunchScreen.storyboard */ = {
			isa = PBXVariantGroup;
			children = (
				29CE6C1E1F6B3A7C0016521C /* Base */,
			);
			name = LaunchScreen.storyboard;
			sourceTree = "<group>";
		};
/* End PBXVariantGroup section */

/* Begin XCBuildConfiguration section */
		29CE6C211F6B3A7C0016521C /* Debug */ = {
			isa = XCBuildConfiguration;
			buildSettings = {
				ALWAYS_SEARCH_USER_PATHS = NO;
				CLANG_ANALYZER_NONNULL = YES;
				CLANG_ANALYZER_NUMBER_OBJECT_CONVERSION = YES_AGGRESSIVE;
				CLANG_CXX_LANGUAGE_STANDARD = "gnu++0x";
				CLANG_CXX_LIBRARY = "libc++";
				CLANG_ENABLE_MODULES = YES;
				CLANG_ENABLE_OBJC_ARC = YES;
				CLANG_WARN_BLOCK_CAPTURE_AUTORELEASING = YES;
				CLANG_WARN_BOOL_CONVERSION = YES;
				CLANG_WARN_COMMA = YES;
				CLANG_WARN_CONSTANT_CONVERSION = YES;
				CLANG_WARN_DIRECT_OBJC_ISA_USAGE = YES_ERROR;
				CLANG_WARN_DOCUMENTATION_COMMENTS = YES;
				CLANG_WARN_EMPTY_BODY = YES;
				CLANG_WARN_ENUM_CONVERSION = YES;
				CLANG_WARN_INFINITE_RECURSION = YES;
				CLANG_WARN_INT_CONVERSION = YES;
				CLANG_WARN_NON_LITERAL_NULL_CONVERSION = YES;
				CLANG_WARN_OBJC_LITERAL_CONVERSION = YES;
				CLANG_WARN_OBJC_ROOT_CLASS = YES_ERROR;
				CLANG_WARN_RANGE_LOOP_ANALYSIS = YES;
				CLANG_WARN_STRICT_PROTOTYPES = YES;
				CLANG_WARN_SUSPICIOUS_MOVE = YES;
				CLANG_WARN_UNREACHABLE_CODE = YES;
				CLANG_WARN__DUPLICATE_METHOD_MATCH = YES;
				"CODE_SIGN_IDENTITY[sdk=iphoneos*]" = "iPhone Developer";
				COPY_PHASE_STRIP = NO;
				DEBUG_INFORMATION_FORMAT = dwarf;
				ENABLE_STRICT_OBJC_MSGSEND = YES;
				ENABLE_TESTABILITY = YES;
				GCC_C_LANGUAGE_STANDARD = gnu99;
				GCC_DYNAMIC_NO_PIC = NO;
				GCC_NO_COMMON_BLOCKS = YES;
				GCC_OPTIMIZATION_LEVEL = 0;
				GCC_PREPROCESSOR_DEFINITIONS = (
					"DEBUG=1",
					"$(inherited)",
				);
				GCC_WARN_64_TO_32_BIT_CONVERSION = YES;
				GCC_WARN_ABOUT_RETURN_TYPE = YES_ERROR;
				GCC_WARN_UNDECLARED_SELECTOR = YES;
				GCC_WARN_UNINITIALIZED_AUTOS = YES_AGGRESSIVE;
				GCC_WARN_UNUSED_FUNCTION = YES;
				GCC_WARN_UNUSED_VARIABLE = YES;
				IPHONEOS_DEPLOYMENT_TARGET = 10.3;
				MTL_ENABLE_DEBUG_INFO = YES;
				ONLY_ACTIVE_ARCH = YES;
				SDKROOT = iphoneos;
				SWIFT_ACTIVE_COMPILATION_CONDITIONS = DEBUG;
				SWIFT_OPTIMIZATION_LEVEL = "-Onone";
				TARGETED_DEVICE_FAMILY = "1,2";
			};
			name = Debug;
		};
		29CE6C221F6B3A7C0016521C /* Release */ = {
			isa = XCBuildConfiguration;
			buildSettings = {
				ALWAYS_SEARCH_USER_PATHS = NO;
				CLANG_ANALYZER_NONNULL = YES;
				CLANG_ANALYZER_NUMBER_OBJECT_CONVERSION = YES_AGGRESSIVE;
				CLANG_CXX_LANGUAGE_STANDARD = "gnu++0x";
				CLANG_CXX_LIBRARY = "libc++";
				CLANG_ENABLE_MODULES = YES;
				CLANG_ENABLE_OBJC_ARC = YES;
				CLANG_WARN_BLOCK_CAPTURE_AUTORELEASING = YES;
				CLANG_WARN_BOOL_CONVERSION = YES;
				CLANG_WARN_COMMA = YES;
				CLANG_WARN_CONSTANT_CONVERSION = YES;
				CLANG_WARN_DIRECT_OBJC_ISA_USAGE = YES_ERROR;
				CLANG_WARN_DOCUMENTATION_COMMENTS = YES;
				CLANG_WARN_EMPTY_BODY = YES;
				CLANG_WARN_ENUM_CONVERSION = YES;
				CLANG_WARN_INFINITE_RECURSION = YES;
				CLANG_WARN_INT_CONVERSION = YES;
				CLANG_WARN_NON_LITERAL_NULL_CONVERSION = YES;
				CLANG_WARN_OBJC_LITERAL_CONVERSION = YES;
				CLANG_WARN_OBJC_ROOT_CLASS = YES_ERROR;
				CLANG_WARN_RANGE_LOOP_ANALYSIS = YES;
				CLANG_WARN_STRICT_PROTOTYPES = YES;
				CLANG_WARN_SUSPICIOUS_MOVE = YES;
				CLANG_WARN_UNREACHABLE_CODE = YES;
				CLANG_WARN__DUPLICATE_METHOD_MATCH = YES;
				"CODE_SIGN_IDENTITY[sdk=iphoneos*]" = "iPhone Developer";
				COPY_PHASE_STRIP = NO;
				DEBUG_INFORMATION_FORMAT = "dwarf-with-dsym";
				ENABLE_NS_ASSERTIONS = NO;
				ENABLE_STRICT_OBJC_MSGSEND = YES;
				GCC_C_LANGUAGE_STANDARD = gnu99;
				GCC_NO_COMMON_BLOCKS = YES;
				GCC_WARN_64_TO_32_BIT_CONVERSION = YES;
				GCC_WARN_ABOUT_RETURN_TYPE = YES_ERROR;
				GCC_WARN_UNDECLARED_SELECTOR = YES;
				GCC_WARN_UNINITIALIZED_AUTOS = YES_AGGRESSIVE;
				GCC_WARN_UNUSED_FUNCTION = YES;
				GCC_WARN_UNUSED_VARIABLE = YES;
				IPHONEOS_DEPLOYMENT_TARGET = 10.3;
				MTL_ENABLE_DEBUG_INFO = NO;
				SDKROOT = iphoneos;
				SWIFT_OPTIMIZATION_LEVEL = "-Owholemodule";
				TARGETED_DEVICE_FAMILY = "1,2";
				VALIDATE_PRODUCT = YES;
			};
			name = Release;
		};
		29CE6C241F6B3A7C0016521C /* Debug */ = {
			isa = XCBuildConfiguration;
			buildSettings = {
				ASSETCATALOG_COMPILER_APPICON_NAME = AppIcon;
				DEVELOPMENT_TEAM = 4P6C7Q8A3P;
				INFOPLIST_FILE = OnTheMap/Info.plist;
				LD_RUNPATH_SEARCH_PATHS = "$(inherited) @executable_path/Frameworks";
				PRODUCT_BUNDLE_IDENTIFIER = com.yujen.OnTheMap;
				PRODUCT_NAME = "$(TARGET_NAME)";
				SWIFT_SWIFT3_OBJC_INFERENCE = Default;
				SWIFT_VERSION = 4.0;
			};
			name = Debug;
		};
		29CE6C251F6B3A7C0016521C /* Release */ = {
			isa = XCBuildConfiguration;
			buildSettings = {
				ASSETCATALOG_COMPILER_APPICON_NAME = AppIcon;
				DEVELOPMENT_TEAM = 4P6C7Q8A3P;
				INFOPLIST_FILE = OnTheMap/Info.plist;
				LD_RUNPATH_SEARCH_PATHS = "$(inherited) @executable_path/Frameworks";
				PRODUCT_BUNDLE_IDENTIFIER = com.yujen.OnTheMap;
				PRODUCT_NAME = "$(TARGET_NAME)";
				SWIFT_SWIFT3_OBJC_INFERENCE = Default;
				SWIFT_VERSION = 4.0;
			};
			name = Release;
		};
/* End XCBuildConfiguration section */

/* Begin XCConfigurationList section */
		29CE6C0C1F6B3A7C0016521C /* Build configuration list for PBXProject "OnTheMap" */ = {
			isa = XCConfigurationList;
			buildConfigurations = (
				29CE6C211F6B3A7C0016521C /* Debug */,
				29CE6C221F6B3A7C0016521C /* Release */,
			);
			defaultConfigurationIsVisible = 0;
			defaultConfigurationName = Release;
		};
		29CE6C231F6B3A7C0016521C /* Build configuration list for PBXNativeTarget "OnTheMap" */ = {
			isa = XCConfigurationList;
			buildConfigurations = (
				29CE6C241F6B3A7C0016521C /* Debug */,
				29CE6C251F6B3A7C0016521C /* Release */,
			);
			defaultConfigurationIsVisible = 0;
			defaultConfigurationName = Release;
		};
/* End XCConfigurationList section */
	};
	rootObject = 29CE6C091F6B3A7C0016521C /* Project object */;
}
